Microsoft Visual Studio Solution File, Format Version 8.00
Project("{8BC9CEB8-8B4A-11D0-8D11-00A0C91BC942}") = "exp_parser", "exp_parser.vcproj", "{B286C77E-BD58-40EF-A1A8-60E446DE751D}"
	ProjectSection(ProjectDependencies) = postProject
	EndProjectSection
EndProject
Global
	GlobalSection(SolutionConfiguration) = preSolution
		Debug = Debug
		Release = Release
	EndGlobalSection
	GlobalSection(ProjectConfiguration) = postSolution
		{B286C77E-BD58-40EF-A1A8-60E446DE751D}.Debug.ActiveCfg = Debug|Win32
		{B286C77E-BD58-40EF-A1A8-60E446DE751D}.Debug.Build.0 = Debug|Win32
		{B286C77E-BD58-40EF-A1A8-60E446DE751D}.Release.ActiveCfg = Release|Win32
		{B286C77E-BD58-40EF-A1A8-60E446DE751D}.Release.Build.0 = Release|Win32
	EndGlobalSection
	GlobalSection(ExtensibilityGlobals) = postSolution
	EndGlobalSection
	GlobalSection(ExtensibilityAddIns) = postSolution
	EndGlobalSection
EndGlobal
